
Microsoft Visual Studio Solution File, Format Version 12.00
# Visual Studio Version 16
VisualStudioVersion = 16.0.30128.74
MinimumVisualStudioVersion = 10.0.40219.1
Project("{FAE04EC0-301F-11D3-BF4B-00C04F79EFBC}") = "eBayZoom", "eBayZoom\eBayZoom.csproj", "{6123066F-2018-450A-AD1B-B90F737C5497}"
EndProject
Global
	GlobalSection(SolutionConfigurationPlatforms) = preSolution
		Debug|ARM = Debug|ARM
		Debug|ARM64 = Debug|ARM64
		Debug|x64 = Debug|x64
		Debug|x86 = Debug|x86
		Release|ARM = Release|ARM
		Release|ARM64 = Release|ARM64
		Release|x64 = Release|x64
		Release|x86 = Release|x86
	EndGlobalSection
	GlobalSection(ProjectConfigurationPlatforms) = postSolution
		{6123066F-2018-450A-AD1B-B90F737C5497}.Debug|ARM.ActiveCfg = Debug|ARM
		{6123066F-2018-450A-AD1B-B90F737C5497}.Debug|ARM.Build.0 = Debug|ARM
		{6123066F-2018-450A-AD1B-B90F737C5497}.Debug|ARM.Deploy.0 = Debug|ARM
		{6123066F-2018-450A-AD1B-B90F737C5497}.Debug|ARM64.ActiveCfg = Debug|ARM64
		{6123066F-2018-450A-AD1B-B90F737C5497}.Debug|ARM64.Build.0 = Debug|ARM64
		{6123066F-2018-450A-AD1B-B90F737C5497}.Debug|ARM64.Deploy.0 = Debug|ARM64
		{6123066F-2018-450A-AD1B-B90F737C5497}.Debug|x64.ActiveCfg = Debug|x64
		{6123066F-2018-450A-AD1B-B90F737C5497}.Debug|x64.Build.0 = Debug|x64
		{6123066F-2018-450A-AD1B-B90F737C5497}.Debug|x64.Deploy.0 = Debug|x64
		{6123066F-2018-450A-AD1B-B90F737C5497}.Debug|x86.ActiveCfg = Debug|x86
		{6123066F-2018-450A-AD1B-B90F737C5497}.Debug|x86.Build.0 = Debug|x86
		{6123066F-2018-450A-AD1B-B90F737C5497}.Debug|x86.Deploy.0 = Debug|x86
		{6123066F-2018-450A-AD1B-B90F737C5497}.Release|ARM.ActiveCfg = Release|ARM
		{6123066F-2018-450A-AD1B-B90F737C5497}.Release|ARM.Build.0 = Release|ARM
		{6123066F-2018-450A-AD1B-B90F737C5497}.Release|ARM.Deploy.0 = Release|ARM
		{6123066F-2018-450A-AD1B-B90F737C5497}.Release|ARM64.ActiveCfg = Release|ARM64
		{6123066F-2018-450A-AD1B-B90F737C5497}.Release|ARM64.Build.0 = Release|ARM64
		{6123066F-2018-450A-AD1B-B90F737C5497}.Release|ARM64.Deploy.0 = Release|ARM64
		{6123066F-2018-450A-AD1B-B90F737C5497}.Release|x64.ActiveCfg = Release|x64
		{6123066F-2018-450A-AD1B-B90F737C5497}.Release|x64.Build.0 = Release|x64
		{6123066F-2018-450A-AD1B-B90F737C5497}.Release|x64.Deploy.0 = Release|x64
		{6123066F-2018-450A-AD1B-B90F737C5497}.Release|x86.ActiveCfg = Release|x86
		{6123066F-2018-450A-AD1B-B90F737C5497}.Release|x86.Build.0 = Release|x86
		{6123066F-2018-450A-AD1B-B90F737C5497}.Release|x86.Deploy.0 = Release|x86
	EndGlobalSection
	GlobalSection(SolutionProperties) = preSolution
		HideSolutionNode = FALSE
	EndGlobalSection
	GlobalSection(ExtensibilityGlobals) = postSolution
		SolutionGuid = {4027A663-E02E-4D3D-9169-85B1EE754D43}
	EndGlobalSection
EndGlobal
